Microsoft Visual Studio Solution File, Format Version 12.00
# Visual Studio Version 17
VisualStudioVersion = 17.5.2.0
MinimumVisualStudioVersion = 10.0.40219.1
Project("{FAE04EC0-301F-11D3-BF4B-00C04F79EFBC}") = "RecipeWebsite", "RecipeWebsite.csproj", "{11DF621C-7C47-34CD-2F8C-AE2753707110}"
EndProject
Global
	GlobalSection(SolutionConfigurationPlatforms) = preSolution
		Debug|Any CPU = Debug|Any CPU
		Release|Any CPU = Release|Any CPU
	EndGlobalSection
	GlobalSection(ProjectConfigurationPlatforms) = postSolution
		{11DF621C-7C47-34CD-2F8C-AE2753707110}.Debug|Any CPU.ActiveCfg = Debug|Any CPU
		{11DF621C-7C47-34CD-2F8C-AE2753707110}.Debug|Any CPU.Build.0 = Debug|Any CPU
		{11DF621C-7C47-34CD-2F8C-AE2753707110}.Release|Any CPU.ActiveCfg = Release|Any CPU
		{11DF621C-7C47-34CD-2F8C-AE2753707110}.Release|Any CPU.Build.0 = Release|Any CPU
	EndGlobalSection
	GlobalSection(SolutionProperties) = preSolution
		HideSolutionNode = FALSE
	EndGlobalSection
	GlobalSection(ExtensibilityGlobals) = postSolution
		SolutionGuid = {FAA4F0D2-B3BA-45B2-AB1D-80A88EB395AD}
	EndGlobalSection
EndGlobal
